
Microsoft Visual Studio Solution File, Format Version 12.00
# Visual Studio Version 16
VisualStudioVersion = 16.0.32002.261
MinimumVisualStudioVersion = 10.0.40219.1
Project("{FAE04EC0-301F-11D3-BF4B-00C04F79EFBC}") = "Mission2TaylorBullock", "Mission2TaylorBullock\Mission2TaylorBullock.csproj", "{3AC50F3A-E097-4F3F-882C-DECE47581507}"
EndProject
Global
	GlobalSection(SolutionConfigurationPlatforms) = preSolution
		Debug|Any CPU = Debug|Any CPU
		Release|Any CPU = Release|Any CPU
	EndGlobalSection
	GlobalSection(ProjectConfigurationPlatforms) = postSolution
		{3AC50F3A-E097-4F3F-882C-DECE47581507}.Debug|Any CPU.ActiveCfg = Debug|Any CPU
		{3AC50F3A-E097-4F3F-882C-DECE47581507}.Debug|Any CPU.Build.0 = Debug|Any CPU
		{3AC50F3A-E097-4F3F-882C-DECE47581507}.Release|Any CPU.ActiveCfg = Release|Any CPU
		{3AC50F3A-E097-4F3F-882C-DECE47581507}.Release|Any CPU.Build.0 = Release|Any CPU
	EndGlobalSection
	GlobalSection(SolutionProperties) = preSolution
		HideSolutionNode = FALSE
	EndGlobalSection
	GlobalSection(ExtensibilityGlobals) = postSolution
		SolutionGuid = {F3CCA516-5CE0-49F3-AE2F-9BA5CB84CBBD}
	EndGlobalSection
EndGlobal
